# This file is autogenerated, do not edit; changes may be undone by the next 'dep ensure'.


[[projects]]
  branch = "master"
  name = "github.com/bradfitz/gomemcache"
  packages = ["memcache"]
  revision = "bc664df9673713a0ccf26e3b55a673ec7301088b"

[[projects]]
  name = "github.com/rs/xid"
  packages = ["."]
  revision = "15d26544def341f036c5f8dca987a4cbe575032c"
  version = "v1.2.1"

[[projects]]
  name = "github.com/urfave/cli"
  packages = ["."]
  revision = "cfb38830724cc34fedffe9a2a29fb54fa9169cd1"
  version = "v1.20.0"

[solve-meta]
  analyzer-name = "dep"
  analyzer-version = 1
  inputs-digest = "1e0f4a586cddf2234de8f2fb22e294a7b538cb6a843fcad1a457eb04e969026f"
  solver-name = "gps-cdcl"
  solver-version = 1
